
Microsoft Visual Studio Solution File, Format Version 12.00
# Visual Studio 14
VisualStudioVersion = 14.0.25420.1
MinimumVisualStudioVersion = 10.0.40219.1
Project("{FAE04EC0-301F-11D3-BF4B-00C04F79EFBC}") = "QuickTestForms", "QuickTestForms\QuickTestForms\QuickTestForms.csproj", "{E8D9DD51-56B5-4399-A904-C0A4B0EBD7C9}"
EndProject
Project("{FAE04EC0-301F-11D3-BF4B-00C04F79EFBC}") = "QuickTestForms.Droid", "QuickTestForms\QuickTestForms.Droid\QuickTestForms.Droid.csproj", "{2DFCCBCE-E0E3-4A5A-9CA9-53BA15386E79}"
EndProject
Project("{FAE04EC0-301F-11D3-BF4B-00C04F79EFBC}") = "QuickTestForms.iOS", "QuickTestForms\QuickTestForms.iOS\QuickTestForms.iOS.csproj", "{A30F4969-DCD5-4B4D-AFFE-585E2052A6B8}"
EndProject
Project("{FAE04EC0-301F-11D3-BF4B-00C04F79EFBC}") = "QuickTestForms.WinPhone", "QuickTestForms\QuickTestForms.WinPhone\QuickTestForms.WinPhone.csproj", "{60550316-C5C7-4FC8-BC52-940D26B326DA}"
EndProject
Project("{FAE04EC0-301F-11D3-BF4B-00C04F79EFBC}") = "QuickTestForms.UWP", "QuickTestForms\QuickTestForms.UWP\QuickTestForms.UWP.csproj", "{8D9F8F53-A801-4703-A997-61EA2B2A0E84}"
EndProject
Project("{FAE04EC0-301F-11D3-BF4B-00C04F79EFBC}") = "QuickTestForms.Windows", "QuickTestForms\QuickTestForms.Windows\QuickTestForms.Windows.csproj", "{4C62DE06-C999-462A-8E9F-796AF6FC528C}"
EndProject
Global
	GlobalSection(SolutionConfigurationPlatforms) = preSolution
		Ad-Hoc|Any CPU = Ad-Hoc|Any CPU
		Ad-Hoc|ARM = Ad-Hoc|ARM
		Ad-Hoc|iPhone = Ad-Hoc|iPhone
		Ad-Hoc|iPhoneSimulator = Ad-Hoc|iPhoneSimulator
		Ad-Hoc|x64 = Ad-Hoc|x64
		Ad-Hoc|x86 = Ad-Hoc|x86
		AppStore|Any CPU = AppStore|Any CPU
		AppStore|ARM = AppStore|ARM
		AppStore|iPhone = AppStore|iPhone
		AppStore|iPhoneSimulator = AppStore|iPhoneSimulator
		AppStore|x64 = AppStore|x64
		AppStore|x86 = AppStore|x86
		Debug|Any CPU = Debug|Any CPU
		Debug|ARM = Debug|ARM
		Debug|iPhone = Debug|iPhone
		Debug|iPhoneSimulator = Debug|iPhoneSimulator
		Debug|x64 = Debug|x64
		Debug|x86 = Debug|x86
		Release|Any CPU = Release|Any CPU
		Release|ARM = Release|ARM
		Release|iPhone = Release|iPhone
		Release|iPhoneSimulator = Release|iPhoneSimulator
		Release|x64 = Release|x64
		Release|x86 = Release|x86
	EndGlobalSection
	GlobalSection(ProjectConfigurationPlatforms) = postSolution
		{E8D9DD51-56B5-4399-A904-C0A4B0EBD7C9}.Ad-Hoc|Any CPU.ActiveCfg = Release|Any CPU
		{E8D9DD51-56B5-4399-A904-C0A4B0EBD7C9}.Ad-Hoc|Any CPU.Build.0 = Release|Any CPU
		{E8D9DD51-56B5-4399-A904-C0A4B0EBD7C9}.Ad-Hoc|ARM.ActiveCfg = Release|Any CPU
		{E8D9DD51-56B5-4399-A904-C0A4B0EBD7C9}.Ad-Hoc|ARM.Build.0 = Release|Any CPU
		{E8D9DD51-56B5-4399-A904-C0A4B0EBD7C9}.Ad-Hoc|iPhone.ActiveCfg = Release|Any CPU
		{E8D9DD51-56B5-4399-A904-C0A4B0EBD7C9}.Ad-Hoc|iPhone.Build.0 = Release|Any CPU
		{E8D9DD51-56B5-4399-A904-C0A4B0EBD7C9}.Ad-Hoc|iPhoneSimulator.ActiveCfg = Release|Any CPU
		{E8D9DD51-56B5-4399-A904-C0A4B0EBD7C9}.Ad-Hoc|iPhoneSimulator.Build.0 = Release|Any CPU
		{E8D9DD51-56B5-4399-A904-C0A4B0EBD7C9}.Ad-Hoc|x64.ActiveCfg = Release|Any CPU
		{E8D9DD51-56B5-4399-A904-C0A4B0EBD7C9}.Ad-Hoc|x64.Build.0 = Release|Any CPU
		{E8D9DD51-56B5-4399-A904-C0A4B0EBD7C9}.Ad-Hoc|x86.ActiveCfg = Release|Any CPU
		{E8D9DD51-56B5-4399-A904-C0A4B0EBD7C9}.Ad-Hoc|x86.Build.0 = Release|Any CPU
		{E8D9DD51-56B5-4399-A904-C0A4B0EBD7C9}.AppStore|Any CPU.ActiveCfg = Release|Any CPU
		{E8D9DD51-56B5-4399-A904-C0A4B0EBD7C9}.AppStore|Any CPU.Build.0 = Release|Any CPU
		{E8D9DD51-56B5-4399-A904-C0A4B0EBD7C9}.AppStore|ARM.ActiveCfg = Release|Any CPU
		{E8D9DD51-56B5-4399-A904-C0A4B0EBD7C9}.AppStore|ARM.Build.0 = Release|Any CPU
		{E8D9DD51-56B5-4399-A904-C0A4B0EBD7C9}.AppStore|iPhone.ActiveCfg = Release|Any CPU
		{E8D9DD51-56B5-4399-A904-C0A4B0EBD7C9}.AppStore|iPhone.Build.0 = Release|Any CPU
		{E8D9DD51-56B5-4399-A904-C0A4B0EBD7C9}.AppStore|iPhoneSimulator.ActiveCfg = Release|Any CPU
		{E8D9DD51-56B5-4399-A904-C0A4B0EBD7C9}.AppStore|iPhoneSimulator.Build.0 = Release|Any CPU
		{E8D9DD51-56B5-4399-A904-C0A4B0EBD7C9}.AppStore|x64.ActiveCfg = Release|Any CPU
		{E8D9DD51-56B5-4399-A904-C0A4B0EBD7C9}.AppStore|x64.Build.0 = Release|Any CPU
		{E8D9DD51-56B5-4399-A904-C0A4B0EBD7C9}.AppStore|x86.ActiveCfg = Release|Any CPU
		{E8D9DD51-56B5-4399-A904-C0A4B0EBD7C9}.AppStore|x86.Build.0 = Release|Any CPU
		{E8D9DD51-56B5-4399-A904-C0A4B0EBD7C9}.Debug|Any CPU.ActiveCfg = Debug|Any CPU
		{E8D9DD51-56B5-4399-A904-C0A4B0EBD7C9}.Debug|Any CPU.Build.0 = Debug|Any CPU
		{E8D9DD51-56B5-4399-A904-C0A4B0EBD7C9}.Debug|ARM.ActiveCfg = Debug|Any CPU
		{E8D9DD51-56B5-4399-A904-C0A4B0EBD7C9}.Debug|ARM.Build.0 = Debug|Any CPU
		{E8D9DD51-56B5-4399-A904-C0A4B0EBD7C9}.Debug|iPhone.ActiveCfg = Debug|Any CPU
		{E8D9DD51-56B5-4399-A904-C0A4B0EBD7C9}.Debug|iPhone.Build.0 = Debug|Any CPU
		{E8D9DD51-56B5-4399-A904-C0A4B0EBD7C9}.Debug|iPhoneSimulator.ActiveCfg = Debug|Any CPU
		{E8D9DD51-56B5-4399-A904-C0A4B0EBD7C9}.Debug|iPhoneSimulator.Build.0 = Debug|Any CPU
		{E8D9DD51-56B5-4399-A904-C0A4B0EBD7C9}.Debug|x64.ActiveCfg = Debug|Any CPU
		{E8D9DD51-56B5-4399-A904-C0A4B0EBD7C9}.Debug|x64.Build.0 = Debug|Any CPU
		{E8D9DD51-56B5-4399-A904-C0A4B0EBD7C9}.Debug|x86.ActiveCfg = Debug|Any CPU
		{E8D9DD51-56B5-4399-A904-C0A4B0EBD7C9}.Debug|x86.Build.0 = Debug|Any CPU
		{E8D9DD51-56B5-4399-A904-C0A4B0EBD7C9}.Release|Any CPU.ActiveCfg = Release|Any CPU
		{E8D9DD51-56B5-4399-A904-C0A4B0EBD7C9}.Release|Any CPU.Build.0 = Release|Any CPU
		{E8D9DD51-56B5-4399-A904-C0A4B0EBD7C9}.Release|ARM.ActiveCfg = Release|Any CPU
		{E8D9DD51-56B5-4399-A904-C0A4B0EBD7C9}.Release|ARM.Build.0 = Release|Any CPU
		{E8D9DD51-56B5-4399-A904-C0A4B0EBD7C9}.Release|iPhone.ActiveCfg = Release|Any CPU
		{E8D9DD51-56B5-4399-A904-C0A4B0EBD7C9}.Release|iPhone.Build.0 = Release|Any CPU
		{E8D9DD51-56B5-4399-A904-C0A4B0EBD7C9}.Release|iPhoneSimulator.ActiveCfg = Release|Any CPU
		{E8D9DD51-56B5-4399-A904-C0A4B0EBD7C9}.Release|iPhoneSimulator.Build.0 = Release|Any CPU
		{E8D9DD51-56B5-4399-A904-C0A4B0EBD7C9}.Release|x64.ActiveCfg = Release|Any CPU
		{E8D9DD51-56B5-4399-A904-C0A4B0EBD7C9}.Release|x64.Build.0 = Release|Any CPU
		{E8D9DD51-56B5-4399-A904-C0A4B0EBD7C9}.Release|x86.ActiveCfg = Release|Any CPU
		{E8D9DD51-56B5-4399-A904-C0A4B0EBD7C9}.Release|x86.Build.0 = Release|Any CPU
		{2DFCCBCE-E0E3-4A5A-9CA9-53BA15386E79}.Ad-Hoc|Any CPU.ActiveCfg = Release|Any CPU
		{2DFCCBCE-E0E3-4A5A-9CA9-53BA15386E79}.Ad-Hoc|Any CPU.Build.0 = Release|Any CPU
		{2DFCCBCE-E0E3-4A5A-9CA9-53BA15386E79}.Ad-Hoc|Any CPU.Deploy.0 = Release|Any CPU
		{2DFCCBCE-E0E3-4A5A-9CA9-53BA15386E79}.Ad-Hoc|ARM.ActiveCfg = Release|Any CPU
		{2DFCCBCE-E0E3-4A5A-9CA9-53BA15386E79}.Ad-Hoc|ARM.Build.0 = Release|Any CPU
		{2DFCCBCE-E0E3-4A5A-9CA9-53BA15386E79}.Ad-Hoc|ARM.Deploy.0 = Release|Any CPU
		{2DFCCBCE-E0E3-4A5A-9CA9-53BA15386E79}.Ad-Hoc|iPhone.ActiveCfg = Release|Any CPU
		{2DFCCBCE-E0E3-4A5A-9CA9-53BA15386E79}.Ad-Hoc|iPhone.Build.0 = Release|Any CPU
		{2DFCCBCE-E0E3-4A5A-9CA9-53BA15386E79}.Ad-Hoc|iPhone.Deploy.0 = Release|Any CPU
		{2DFCCBCE-E0E3-4A5A-9CA9-53BA15386E79}.Ad-Hoc|iPhoneSimulator.ActiveCfg = Release|Any CPU
		{2DFCCBCE-E0E3-4A5A-9CA9-53BA15386E79}.Ad-Hoc|iPhoneSimulator.Build.0 = Release|Any CPU
		{2DFCCBCE-E0E3-4A5A-9CA9-53BA15386E79}.Ad-Hoc|iPhoneSimulator.Deploy.0 = Release|Any CPU
		{2DFCCBCE-E0E3-4A5A-9CA9-53BA15386E79}.Ad-Hoc|x64.ActiveCfg = Release|Any CPU
		{2DFCCBCE-E0E3-4A5A-9CA9-53BA15386E79}.Ad-Hoc|x64.Build.0 = Release|Any CPU
		{2DFCCBCE-E0E3-4A5A-9CA9-53BA15386E79}.Ad-Hoc|x64.Deploy.0 = Release|Any CPU
		{2DFCCBCE-E0E3-4A5A-9CA9-53BA15386E79}.Ad-Hoc|x86.ActiveCfg = Release|Any CPU
		{2DFCCBCE-E0E3-4A5A-9CA9-53BA15386E79}.Ad-Hoc|x86.Build.0 = Release|Any CPU
		{2DFCCBCE-E0E3-4A5A-9CA9-53BA15386E79}.Ad-Hoc|x86.Deploy.0 = Release|Any CPU
		{2DFCCBCE-E0E3-4A5A-9CA9-53BA15386E79}.AppStore|Any CPU.ActiveCfg = Release|Any CPU
		{2DFCCBCE-E0E3-4A5A-9CA9-53BA15386E79}.AppStore|Any CPU.Build.0 = Release|Any CPU
		{2DFCCBCE-E0E3-4A5A-9CA9-53BA15386E79}.AppStore|Any CPU.Deploy.0 = Release|Any CPU
		{2DFCCBCE-E0E3-4A5A-9CA9-53BA15386E79}.AppStore|ARM.ActiveCfg = Release|Any CPU
		{2DFCCBCE-E0E3-4A5A-9CA9-53BA15386E79}.AppStore|ARM.Build.0 = Release|Any CPU
		{2DFCCBCE-E0E3-4A5A-9CA9-53BA15386E79}.AppStore|ARM.Deploy.0 = Release|Any CPU
		{2DFCCBCE-E0E3-4A5A-9CA9-53BA15386E79}.AppStore|iPhone.ActiveCfg = Release|Any CPU
		{2DFCCBCE-E0E3-4A5A-9CA9-53BA15386E79}.AppStore|iPhone.Build.0 = Release|Any CPU
		{2DFCCBCE-E0E3-4A5A-9CA9-53BA15386E79}.AppStore|iPhone.Deploy.0 = Release|Any CPU
		{2DFCCBCE-E0E3-4A5A-9CA9-53BA15386E79}.AppStore|iPhoneSimulator.ActiveCfg = Release|Any CPU
		{2DFCCBCE-E0E3-4A5A-9CA9-53BA15386E79}.AppStore|iPhoneSimulator.Build.0 = Release|Any CPU
		{2DFCCBCE-E0E3-4A5A-9CA9-53BA15386E79}.AppStore|iPhoneSimulator.Deploy.0 = Release|Any CPU
		{2DFCCBCE-E0E3-4A5A-9CA9-53BA15386E79}.AppStore|x64.ActiveCfg = Release|Any CPU
		{2DFCCBCE-E0E3-4A5A-9CA9-53BA15386E79}.AppStore|x64.Build.0 = Release|Any CPU
		{2DFCCBCE-E0E3-4A5A-9CA9-53BA15386E79}.AppStore|x64.Deploy.0 = Release|Any CPU
		{2DFCCBCE-E0E3-4A5A-9CA9-53BA15386E79}.AppStore|x86.ActiveCfg = Release|Any CPU
		{2DFCCBCE-E0E3-4A5A-9CA9-53BA15386E79}.AppStore|x86.Build.0 = Release|Any CPU
		{2DFCCBCE-E0E3-4A5A-9CA9-53BA15386E79}.AppStore|x86.Deploy.0 = Release|Any CPU
		{2DFCCBCE-E0E3-4A5A-9CA9-53BA15386E79}.Debug|Any CPU.ActiveCfg = Debug|Any CPU
		{2DFCCBCE-E0E3-4A5A-9CA9-53BA15386E79}.Debug|Any CPU.Build.0 = Debug|Any CPU
		{2DFCCBCE-E0E3-4A5A-9CA9-53BA15386E79}.Debug|Any CPU.Deploy.0 = Debug|Any CPU
		{2DFCCBCE-E0E3-4A5A-9CA9-53BA15386E79}.Debug|ARM.ActiveCfg = Debug|Any CPU
		{2DFCCBCE-E0E3-4A5A-9CA9-53BA15386E79}.Debug|ARM.Build.0 = Debug|Any CPU
		{2DFCCBCE-E0E3-4A5A-9CA9-53BA15386E79}.Debug|ARM.Deploy.0 = Debug|Any CPU
		{2DFCCBCE-E0E3-4A5A-9CA9-53BA15386E79}.Debug|iPhone.ActiveCfg = Debug|Any CPU
		{2DFCCBCE-E0E3-4A5A-9CA9-53BA15386E79}.Debug|iPhone.Build.0 = Debug|Any CPU
		{2DFCCBCE-E0E3-4A5A-9CA9-53BA15386E79}.Debug|iPhone.Deploy.0 = Debug|Any CPU
		{2DFCCBCE-E0E3-4A5A-9CA9-53BA15386E79}.Debug|iPhoneSimulator.ActiveCfg = Debug|Any CPU
		{2DFCCBCE-E0E3-4A5A-9CA9-53BA15386E79}.Debug|iPhoneSimulator.Build.0 = Debug|Any CPU
		{2DFCCBCE-E0E3-4A5A-9CA9-53BA15386E79}.Debug|iPhoneSimulator.Deploy.0 = Debug|Any CPU
		{2DFCCBCE-E0E3-4A5A-9CA9-53BA15386E79}.Debug|x64.ActiveCfg = Debug|Any CPU
		{2DFCCBCE-E0E3-4A5A-9CA9-53BA15386E79}.Debug|x64.Build.0 = Debug|Any CPU
		{2DFCCBCE-E0E3-4A5A-9CA9-53BA15386E79}.Debug|x64.Deploy.0 = Debug|Any CPU
		{2DFCCBCE-E0E3-4A5A-9CA9-53BA15386E79}.Debug|x86.ActiveCfg = Debug|Any CPU
		{2DFCCBCE-E0E3-4A5A-9CA9-53BA15386E79}.Debug|x86.Build.0 = Debug|Any CPU
		{2DFCCBCE-E0E3-4A5A-9CA9-53BA15386E79}.Debug|x86.Deploy.0 = Debug|Any CPU
		{2DFCCBCE-E0E3-4A5A-9CA9-53BA15386E79}.Release|Any CPU.ActiveCfg = Release|Any CPU
		{2DFCCBCE-E0E3-4A5A-9CA9-53BA15386E79}.Release|Any CPU.Build.0 = Release|Any CPU
		{2DFCCBCE-E0E3-4A5A-9CA9-53BA15386E79}.Release|Any CPU.Deploy.0 = Release|Any CPU
		{2DFCCBCE-E0E3-4A5A-9CA9-53BA15386E79}.Release|ARM.ActiveCfg = Release|Any CPU
		{2DFCCBCE-E0E3-4A5A-9CA9-53BA15386E79}.Release|ARM.Build.0 = Release|Any CPU
		{2DFCCBCE-E0E3-4A5A-9CA9-53BA15386E79}.Release|ARM.Deploy.0 = Release|Any CPU
		{2DFCCBCE-E0E3-4A5A-9CA9-53BA15386E79}.Release|iPhone.ActiveCfg = Release|Any CPU
		{2DFCCBCE-E0E3-4A5A-9CA9-53BA15386E79}.Release|iPhone.Build.0 = Release|Any CPU
		{2DFCCBCE-E0E3-4A5A-9CA9-53BA15386E79}.Release|iPhone.Deploy.0 = Release|Any CPU
		{2DFCCBCE-E0E3-4A5A-9CA9-53BA15386E79}.Release|iPhoneSimulator.ActiveCfg = Release|Any CPU
		{2DFCCBCE-E0E3-4A5A-9CA9-53BA15386E79}.Release|iPhoneSimulator.Build.0 = Release|Any CPU
		{2DFCCBCE-E0E3-4A5A-9CA9-53BA15386E79}.Release|iPhoneSimulator.Deploy.0 = Release|Any CPU
		{2DFCCBCE-E0E3-4A5A-9CA9-53BA15386E79}.Release|x64.ActiveCfg = Release|Any CPU
		{2DFCCBCE-E0E3-4A5A-9CA9-53BA15386E79}.Release|x64.Build.0 = Release|Any CPU
		{2DFCCBCE-E0E3-4A5A-9CA9-53BA15386E79}.Release|x64.Deploy.0 = Release|Any CPU
		{2DFCCBCE-E0E3-4A5A-9CA9-53BA15386E79}.Release|x86.ActiveCfg = Release|Any CPU
		{2DFCCBCE-E0E3-4A5A-9CA9-53BA15386E79}.Release|x86.Build.0 = Release|Any CPU
		{2DFCCBCE-E0E3-4A5A-9CA9-53BA15386E79}.Release|x86.Deploy.0 = Release|Any CPU
		{A30F4969-DCD5-4B4D-AFFE-585E2052A6B8}.Ad-Hoc|Any CPU.ActiveCfg = Ad-Hoc|iPhone
		{A30F4969-DCD5-4B4D-AFFE-585E2052A6B8}.Ad-Hoc|ARM.ActiveCfg = Ad-Hoc|iPhone
		{A30F4969-DCD5-4B4D-AFFE-585E2052A6B8}.Ad-Hoc|iPhone.ActiveCfg = Ad-Hoc|iPhone
		{A30F4969-DCD5-4B4D-AFFE-585E2052A6B8}.Ad-Hoc|iPhone.Build.0 = Ad-Hoc|iPhone
		{A30F4969-DCD5-4B4D-AFFE-585E2052A6B8}.Ad-Hoc|iPhoneSimulator.ActiveCfg = Ad-Hoc|iPhoneSimulator
		{A30F4969-DCD5-4B4D-AFFE-585E2052A6B8}.Ad-Hoc|iPhoneSimulator.Build.0 = Ad-Hoc|iPhoneSimulator
		{A30F4969-DCD5-4B4D-AFFE-585E2052A6B8}.Ad-Hoc|x64.ActiveCfg = Ad-Hoc|iPhone
		{A30F4969-DCD5-4B4D-AFFE-585E2052A6B8}.Ad-Hoc|x86.ActiveCfg = Ad-Hoc|iPhone
		{A30F4969-DCD5-4B4D-AFFE-585E2052A6B8}.AppStore|Any CPU.ActiveCfg = AppStore|iPhone
		{A30F4969-DCD5-4B4D-AFFE-585E2052A6B8}.AppStore|ARM.ActiveCfg = AppStore|iPhone
		{A30F4969-DCD5-4B4D-AFFE-585E2052A6B8}.AppStore|iPhone.ActiveCfg = AppStore|iPhone
		{A30F4969-DCD5-4B4D-AFFE-585E2052A6B8}.AppStore|iPhone.Build.0 = AppStore|iPhone
		{A30F4969-DCD5-4B4D-AFFE-585E2052A6B8}.AppStore|iPhoneSimulator.ActiveCfg = AppStore|iPhoneSimulator
		{A30F4969-DCD5-4B4D-AFFE-585E2052A6B8}.AppStore|iPhoneSimulator.Build.0 = AppStore|iPhoneSimulator
		{A30F4969-DCD5-4B4D-AFFE-585E2052A6B8}.AppStore|x64.ActiveCfg = AppStore|iPhone
		{A30F4969-DCD5-4B4D-AFFE-585E2052A6B8}.AppStore|x86.ActiveCfg = AppStore|iPhone
		{A30F4969-DCD5-4B4D-AFFE-585E2052A6B8}.Debug|Any CPU.ActiveCfg = Debug|iPhone
		{A30F4969-DCD5-4B4D-AFFE-585E2052A6B8}.Debug|ARM.ActiveCfg = Debug|iPhone
		{A30F4969-DCD5-4B4D-AFFE-585E2052A6B8}.Debug|iPhone.ActiveCfg = Debug|iPhone
		{A30F4969-DCD5-4B4D-AFFE-585E2052A6B8}.Debug|iPhone.Build.0 = Debug|iPhone
		{A30F4969-DCD5-4B4D-AFFE-585E2052A6B8}.Debug|iPhoneSimulator.ActiveCfg = Debug|iPhoneSimulator
		{A30F4969-DCD5-4B4D-AFFE-585E2052A6B8}.Debug|iPhoneSimulator.Build.0 = Debug|iPhoneSimulator
		{A30F4969-DCD5-4B4D-AFFE-585E2052A6B8}.Debug|x64.ActiveCfg = Debug|iPhone
		{A30F4969-DCD5-4B4D-AFFE-585E2052A6B8}.Debug|x86.ActiveCfg = Debug|iPhone
		{A30F4969-DCD5-4B4D-AFFE-585E2052A6B8}.Release|Any CPU.ActiveCfg = Release|iPhone
		{A30F4969-DCD5-4B4D-AFFE-585E2052A6B8}.Release|ARM.ActiveCfg = Release|iPhone
		{A30F4969-DCD5-4B4D-AFFE-585E2052A6B8}.Release|iPhone.ActiveCfg = Release|iPhone
		{A30F4969-DCD5-4B4D-AFFE-585E2052A6B8}.Release|iPhone.Build.0 = Release|iPhone
		{A30F4969-DCD5-4B4D-AFFE-585E2052A6B8}.Release|iPhoneSimulator.ActiveCfg = Release|iPhoneSimulator
		{A30F4969-DCD5-4B4D-AFFE-585E2052A6B8}.Release|iPhoneSimulator.Build.0 = Release|iPhoneSimulator
		{A30F4969-DCD5-4B4D-AFFE-585E2052A6B8}.Release|x64.ActiveCfg = Release|iPhone
		{A30F4969-DCD5-4B4D-AFFE-585E2052A6B8}.Release|x86.ActiveCfg = Release|iPhone
		{60550316-C5C7-4FC8-BC52-940D26B326DA}.Ad-Hoc|Any CPU.ActiveCfg = Release|Any CPU
		{60550316-C5C7-4FC8-BC52-940D26B326DA}.Ad-Hoc|Any CPU.Build.0 = Release|Any CPU
		{60550316-C5C7-4FC8-BC52-940D26B326DA}.Ad-Hoc|Any CPU.Deploy.0 = Release|Any CPU
		{60550316-C5C7-4FC8-BC52-940D26B326DA}.Ad-Hoc|ARM.ActiveCfg = Release|ARM
		{60550316-C5C7-4FC8-BC52-940D26B326DA}.Ad-Hoc|ARM.Build.0 = Release|ARM
		{60550316-C5C7-4FC8-BC52-940D26B326DA}.Ad-Hoc|ARM.Deploy.0 = Release|ARM
		{60550316-C5C7-4FC8-BC52-940D26B326DA}.Ad-Hoc|iPhone.ActiveCfg = Release|Any CPU
		{60550316-C5C7-4FC8-BC52-940D26B326DA}.Ad-Hoc|iPhone.Build.0 = Release|Any CPU
		{60550316-C5C7-4FC8-BC52-940D26B326DA}.Ad-Hoc|iPhone.Deploy.0 = Release|Any CPU
		{60550316-C5C7-4FC8-BC52-940D26B326DA}.Ad-Hoc|iPhoneSimulator.ActiveCfg = Release|Any CPU
		{60550316-C5C7-4FC8-BC52-940D26B326DA}.Ad-Hoc|iPhoneSimulator.Build.0 = Release|Any CPU
		{60550316-C5C7-4FC8-BC52-940D26B326DA}.Ad-Hoc|iPhoneSimulator.Deploy.0 = Release|Any CPU
		{60550316-C5C7-4FC8-BC52-940D26B326DA}.Ad-Hoc|x64.ActiveCfg = Release|Any CPU
		{60550316-C5C7-4FC8-BC52-940D26B326DA}.Ad-Hoc|x64.Build.0 = Release|Any CPU
		{60550316-C5C7-4FC8-BC52-940D26B326DA}.Ad-Hoc|x64.Deploy.0 = Release|Any CPU
		{60550316-C5C7-4FC8-BC52-940D26B326DA}.Ad-Hoc|x86.ActiveCfg = Release|x86
		{60550316-C5C7-4FC8-BC52-940D26B326DA}.Ad-Hoc|x86.Build.0 = Release|x86
		{60550316-C5C7-4FC8-BC52-940D26B326DA}.Ad-Hoc|x86.Deploy.0 = Release|x86
		{60550316-C5C7-4FC8-BC52-940D26B326DA}.AppStore|Any CPU.ActiveCfg = Release|Any CPU
		{60550316-C5C7-4FC8-BC52-940D26B326DA}.AppStore|Any CPU.Build.0 = Release|Any CPU
		{60550316-C5C7-4FC8-BC52-940D26B326DA}.AppStore|Any CPU.Deploy.0 = Release|Any CPU
		{60550316-C5C7-4FC8-BC52-940D26B326DA}.AppStore|ARM.ActiveCfg = Release|ARM
		{60550316-C5C7-4FC8-BC52-940D26B326DA}.AppStore|ARM.Build.0 = Release|ARM
		{60550316-C5C7-4FC8-BC52-940D26B326DA}.AppStore|ARM.Deploy.0 = Release|ARM
		{60550316-C5C7-4FC8-BC52-940D26B326DA}.AppStore|iPhone.ActiveCfg = Release|Any CPU
		{60550316-C5C7-4FC8-BC52-940D26B326DA}.AppStore|iPhone.Build.0 = Release|Any CPU
		{60550316-C5C7-4FC8-BC52-940D26B326DA}.AppStore|iPhone.Deploy.0 = Release|Any CPU
		{60550316-C5C7-4FC8-BC52-940D26B326DA}.AppStore|iPhoneSimulator.ActiveCfg = Release|Any CPU
		{60550316-C5C7-4FC8-BC52-940D26B326DA}.AppStore|iPhoneSimulator.Build.0 = Release|Any CPU
		{60550316-C5C7-4FC8-BC52-940D26B326DA}.AppStore|iPhoneSimulator.Deploy.0 = Release|Any CPU
		{60550316-C5C7-4FC8-BC52-940D26B326DA}.AppStore|x64.ActiveCfg = Release|Any CPU
		{60550316-C5C7-4FC8-BC52-940D26B326DA}.AppStore|x64.Build.0 = Release|Any CPU
		{60550316-C5C7-4FC8-BC52-940D26B326DA}.AppStore|x64.Deploy.0 = Release|Any CPU
		{60550316-C5C7-4FC8-BC52-940D26B326DA}.AppStore|x86.ActiveCfg = Release|x86
		{60550316-C5C7-4FC8-BC52-940D26B326DA}.AppStore|x86.Build.0 = Release|x86
		{60550316-C5C7-4FC8-BC52-940D26B326DA}.AppStore|x86.Deploy.0 = Release|x86
		{60550316-C5C7-4FC8-BC52-940D26B326DA}.Debug|Any CPU.ActiveCfg = Debug|Any CPU
		{60550316-C5C7-4FC8-BC52-940D26B326DA}.Debug|Any CPU.Build.0 = Debug|Any CPU
		{60550316-C5C7-4FC8-BC52-940D26B326DA}.Debug|Any CPU.Deploy.0 = Debug|Any CPU
		{60550316-C5C7-4FC8-BC52-940D26B326DA}.Debug|ARM.ActiveCfg = Debug|ARM
		{60550316-C5C7-4FC8-BC52-940D26B326DA}.Debug|ARM.Build.0 = Debug|ARM
		{60550316-C5C7-4FC8-BC52-940D26B326DA}.Debug|ARM.Deploy.0 = Debug|ARM
		{60550316-C5C7-4FC8-BC52-940D26B326DA}.Debug|iPhone.ActiveCfg = Debug|Any CPU
		{60550316-C5C7-4FC8-BC52-940D26B326DA}.Debug|iPhone.Build.0 = Debug|Any CPU
		{60550316-C5C7-4FC8-BC52-940D26B326DA}.Debug|iPhone.Deploy.0 = Debug|Any CPU
		{60550316-C5C7-4FC8-BC52-940D26B326DA}.Debug|iPhoneSimulator.ActiveCfg = Debug|Any CPU
		{60550316-C5C7-4FC8-BC52-940D26B326DA}.Debug|iPhoneSimulator.Build.0 = Debug|Any CPU
		{60550316-C5C7-4FC8-BC52-940D26B326DA}.Debug|iPhoneSimulator.Deploy.0 = Debug|Any CPU
		{60550316-C5C7-4FC8-BC52-940D26B326DA}.Debug|x64.ActiveCfg = Debug|Any CPU
		{60550316-C5C7-4FC8-BC52-940D26B326DA}.Debug|x64.Build.0 = Debug|Any CPU
		{60550316-C5C7-4FC8-BC52-940D26B326DA}.Debug|x64.Deploy.0 = Debug|Any CPU
		{60550316-C5C7-4FC8-BC52-940D26B326DA}.Debug|x86.ActiveCfg = Debug|x86
		{60550316-C5C7-4FC8-BC52-940D26B326DA}.Debug|x86.Build.0 = Debug|x86
		{60550316-C5C7-4FC8-BC52-940D26B326DA}.Debug|x86.Deploy.0 = Debug|x86
		{60550316-C5C7-4FC8-BC52-940D26B326DA}.Release|Any CPU.ActiveCfg = Release|Any CPU
		{60550316-C5C7-4FC8-BC52-940D26B326DA}.Release|Any CPU.Build.0 = Release|Any CPU
		{60550316-C5C7-4FC8-BC52-940D26B326DA}.Release|Any CPU.Deploy.0 = Release|Any CPU
		{60550316-C5C7-4FC8-BC52-940D26B326DA}.Release|ARM.ActiveCfg = Release|ARM
		{60550316-C5C7-4FC8-BC52-940D26B326DA}.Release|ARM.Build.0 = Release|ARM
		{60550316-C5C7-4FC8-BC52-940D26B326DA}.Release|ARM.Deploy.0 = Release|ARM
		{60550316-C5C7-4FC8-BC52-940D26B326DA}.Release|iPhone.ActiveCfg = Release|Any CPU
		{60550316-C5C7-4FC8-BC52-940D26B326DA}.Release|iPhone.Build.0 = Release|Any CPU
		{60550316-C5C7-4FC8-BC52-940D26B326DA}.Release|iPhone.Deploy.0 = Release|Any CPU
		{60550316-C5C7-4FC8-BC52-940D26B326DA}.Release|iPhoneSimulator.ActiveCfg = Release|Any CPU
		{60550316-C5C7-4FC8-BC52-940D26B326DA}.Release|iPhoneSimulator.Build.0 = Release|Any CPU
		{60550316-C5C7-4FC8-BC52-940D26B326DA}.Release|iPhoneSimulator.Deploy.0 = Release|Any CPU
		{60550316-C5C7-4FC8-BC52-940D26B326DA}.Release|x64.ActiveCfg = Release|Any CPU
		{60550316-C5C7-4FC8-BC52-940D26B326DA}.Release|x64.Build.0 = Release|Any CPU
		{60550316-C5C7-4FC8-BC52-940D26B326DA}.Release|x64.Deploy.0 = Release|Any CPU
		{60550316-C5C7-4FC8-BC52-940D26B326DA}.Release|x86.ActiveCfg = Release|x86
		{60550316-C5C7-4FC8-BC52-940D26B326DA}.Release|x86.Build.0 = Release|x86
		{60550316-C5C7-4FC8-BC52-940D26B326DA}.Release|x86.Deploy.0 = Release|x86
		{8D9F8F53-A801-4703-A997-61EA2B2A0E84}.Ad-Hoc|Any CPU.ActiveCfg = Release|x86
		{8D9F8F53-A801-4703-A997-61EA2B2A0E84}.Ad-Hoc|Any CPU.Build.0 = Release|x86
		{8D9F8F53-A801-4703-A997-61EA2B2A0E84}.Ad-Hoc|Any CPU.Deploy.0 = Release|x86
		{8D9F8F53-A801-4703-A997-61EA2B2A0E84}.Ad-Hoc|ARM.ActiveCfg = Release|ARM
		{8D9F8F53-A801-4703-A997-61EA2B2A0E84}.Ad-Hoc|ARM.Build.0 = Release|ARM
		{8D9F8F53-A801-4703-A997-61EA2B2A0E84}.Ad-Hoc|ARM.Deploy.0 = Release|ARM
		{8D9F8F53-A801-4703-A997-61EA2B2A0E84}.Ad-Hoc|iPhone.ActiveCfg = Release|x86
		{8D9F8F53-A801-4703-A997-61EA2B2A0E84}.Ad-Hoc|iPhone.Build.0 = Release|x86
		{8D9F8F53-A801-4703-A997-61EA2B2A0E84}.Ad-Hoc|iPhone.Deploy.0 = Release|x86
		{8D9F8F53-A801-4703-A997-61EA2B2A0E84}.Ad-Hoc|iPhoneSimulator.ActiveCfg = Release|x86
		{8D9F8F53-A801-4703-A997-61EA2B2A0E84}.Ad-Hoc|iPhoneSimulator.Build.0 = Release|x86
		{8D9F8F53-A801-4703-A997-61EA2B2A0E84}.Ad-Hoc|iPhoneSimulator.Deploy.0 = Release|x86
		{8D9F8F53-A801-4703-A997-61EA2B2A0E84}.Ad-Hoc|x64.ActiveCfg = Release|x64
		{8D9F8F53-A801-4703-A997-61EA2B2A0E84}.Ad-Hoc|x64.Build.0 = Release|x64
		{8D9F8F53-A801-4703-A997-61EA2B2A0E84}.Ad-Hoc|x64.Deploy.0 = Release|x64
		{8D9F8F53-A801-4703-A997-61EA2B2A0E84}.Ad-Hoc|x86.ActiveCfg = Release|x86
		{8D9F8F53-A801-4703-A997-61EA2B2A0E84}.Ad-Hoc|x86.Build.0 = Release|x86
		{8D9F8F53-A801-4703-A997-61EA2B2A0E84}.Ad-Hoc|x86.Deploy.0 = Release|x86
		{8D9F8F53-A801-4703-A997-61EA2B2A0E84}.AppStore|Any CPU.ActiveCfg = Release|x86
		{8D9F8F53-A801-4703-A997-61EA2B2A0E84}.AppStore|Any CPU.Build.0 = Release|x86
		{8D9F8F53-A801-4703-A997-61EA2B2A0E84}.AppStore|Any CPU.Deploy.0 = Release|x86
		{8D9F8F53-A801-4703-A997-61EA2B2A0E84}.AppStore|ARM.ActiveCfg = Release|ARM
		{8D9F8F53-A801-4703-A997-61EA2B2A0E84}.AppStore|ARM.Build.0 = Release|ARM
		{8D9F8F53-A801-4703-A997-61EA2B2A0E84}.AppStore|ARM.Deploy.0 = Release|ARM
		{8D9F8F53-A801-4703-A997-61EA2B2A0E84}.AppStore|iPhone.ActiveCfg = Release|x86
		{8D9F8F53-A801-4703-A997-61EA2B2A0E84}.AppStore|iPhone.Build.0 = Release|x86
		{8D9F8F53-A801-4703-A997-61EA2B2A0E84}.AppStore|iPhone.Deploy.0 = Release|x86
		{8D9F8F53-A801-4703-A997-61EA2B2A0E84}.AppStore|iPhoneSimulator.ActiveCfg = Release|x86
		{8D9F8F53-A801-4703-A997-61EA2B2A0E84}.AppStore|iPhoneSimulator.Build.0 = Release|x86
		{8D9F8F53-A801-4703-A997-61EA2B2A0E84}.AppStore|iPhoneSimulator.Deploy.0 = Release|x86
		{8D9F8F53-A801-4703-A997-61EA2B2A0E84}.AppStore|x64.ActiveCfg = Release|x64
		{8D9F8F53-A801-4703-A997-61EA2B2A0E84}.AppStore|x64.Build.0 = Release|x64
		{8D9F8F53-A801-4703-A997-61EA2B2A0E84}.AppStore|x64.Deploy.0 = Release|x64
		{8D9F8F53-A801-4703-A997-61EA2B2A0E84}.AppStore|x86.ActiveCfg = Release|x86
		{8D9F8F53-A801-4703-A997-61EA2B2A0E84}.AppStore|x86.Build.0 = Release|x86
		{8D9F8F53-A801-4703-A997-61EA2B2A0E84}.AppStore|x86.Deploy.0 = Release|x86
		{8D9F8F53-A801-4703-A997-61EA2B2A0E84}.Debug|Any CPU.ActiveCfg = Debug|x86
		{8D9F8F53-A801-4703-A997-61EA2B2A0E84}.Debug|ARM.ActiveCfg = Debug|ARM
		{8D9F8F53-A801-4703-A997-61EA2B2A0E84}.Debug|ARM.Build.0 = Debug|ARM
		{8D9F8F53-A801-4703-A997-61EA2B2A0E84}.Debug|ARM.Deploy.0 = Debug|ARM
		{8D9F8F53-A801-4703-A997-61EA2B2A0E84}.Debug|iPhone.ActiveCfg = Debug|x86
		{8D9F8F53-A801-4703-A997-61EA2B2A0E84}.Debug|iPhoneSimulator.ActiveCfg = Debug|x86
		{8D9F8F53-A801-4703-A997-61EA2B2A0E84}.Debug|x64.ActiveCfg = Debug|x64
		{8D9F8F53-A801-4703-A997-61EA2B2A0E84}.Debug|x64.Build.0 = Debug|x64
		{8D9F8F53-A801-4703-A997-61EA2B2A0E84}.Debug|x64.Deploy.0 = Debug|x64
		{8D9F8F53-A801-4703-A997-61EA2B2A0E84}.Debug|x86.ActiveCfg = Debug|x86
		{8D9F8F53-A801-4703-A997-61EA2B2A0E84}.Debug|x86.Build.0 = Debug|x86
		{8D9F8F53-A801-4703-A997-61EA2B2A0E84}.Debug|x86.Deploy.0 = Debug|x86
		{8D9F8F53-A801-4703-A997-61EA2B2A0E84}.Release|Any CPU.ActiveCfg = Release|x86
		{8D9F8F53-A801-4703-A997-61EA2B2A0E84}.Release|ARM.ActiveCfg = Release|ARM
		{8D9F8F53-A801-4703-A997-61EA2B2A0E84}.Release|ARM.Build.0 = Release|ARM
		{8D9F8F53-A801-4703-A997-61EA2B2A0E84}.Release|ARM.Deploy.0 = Release|ARM
		{8D9F8F53-A801-4703-A997-61EA2B2A0E84}.Release|iPhone.ActiveCfg = Release|x86
		{8D9F8F53-A801-4703-A997-61EA2B2A0E84}.Release|iPhoneSimulator.ActiveCfg = Release|x86
		{8D9F8F53-A801-4703-A997-61EA2B2A0E84}.Release|x64.ActiveCfg = Release|x64
		{8D9F8F53-A801-4703-A997-61EA2B2A0E84}.Release|x64.Build.0 = Release|x64
		{8D9F8F53-A801-4703-A997-61EA2B2A0E84}.Release|x64.Deploy.0 = Release|x64
		{8D9F8F53-A801-4703-A997-61EA2B2A0E84}.Release|x86.ActiveCfg = Release|x86
		{8D9F8F53-A801-4703-A997-61EA2B2A0E84}.Release|x86.Build.0 = Release|x86
		{8D9F8F53-A801-4703-A997-61EA2B2A0E84}.Release|x86.Deploy.0 = Release|x86
		{4C62DE06-C999-462A-8E9F-796AF6FC528C}.Ad-Hoc|Any CPU.ActiveCfg = Release|Any CPU
		{4C62DE06-C999-462A-8E9F-796AF6FC528C}.Ad-Hoc|Any CPU.Build.0 = Release|Any CPU
		{4C62DE06-C999-462A-8E9F-796AF6FC528C}.Ad-Hoc|Any CPU.Deploy.0 = Release|Any CPU
		{4C62DE06-C999-462A-8E9F-796AF6FC528C}.Ad-Hoc|ARM.ActiveCfg = Release|ARM
		{4C62DE06-C999-462A-8E9F-796AF6FC528C}.Ad-Hoc|ARM.Build.0 = Release|ARM
		{4C62DE06-C999-462A-8E9F-796AF6FC528C}.Ad-Hoc|ARM.Deploy.0 = Release|ARM
		{4C62DE06-C999-462A-8E9F-796AF6FC528C}.Ad-Hoc|iPhone.ActiveCfg = Release|Any CPU
		{4C62DE06-C999-462A-8E9F-796AF6FC528C}.Ad-Hoc|iPhone.Build.0 = Release|Any CPU
		{4C62DE06-C999-462A-8E9F-796AF6FC528C}.Ad-Hoc|iPhone.Deploy.0 = Release|Any CPU
		{4C62DE06-C999-462A-8E9F-796AF6FC528C}.Ad-Hoc|iPhoneSimulator.ActiveCfg = Release|Any CPU
		{4C62DE06-C999-462A-8E9F-796AF6FC528C}.Ad-Hoc|iPhoneSimulator.Build.0 = Release|Any CPU
		{4C62DE06-C999-462A-8E9F-796AF6FC528C}.Ad-Hoc|iPhoneSimulator.Deploy.0 = Release|Any CPU
		{4C62DE06-C999-462A-8E9F-796AF6FC528C}.Ad-Hoc|x64.ActiveCfg = Release|x64
		{4C62DE06-C999-462A-8E9F-796AF6FC528C}.Ad-Hoc|x64.Build.0 = Release|x64
		{4C62DE06-C999-462A-8E9F-796AF6FC528C}.Ad-Hoc|x64.Deploy.0 = Release|x64
		{4C62DE06-C999-462A-8E9F-796AF6FC528C}.Ad-Hoc|x86.ActiveCfg = Release|x86
		{4C62DE06-C999-462A-8E9F-796AF6FC528C}.Ad-Hoc|x86.Build.0 = Release|x86
		{4C62DE06-C999-462A-8E9F-796AF6FC528C}.Ad-Hoc|x86.Deploy.0 = Release|x86
		{4C62DE06-C999-462A-8E9F-796AF6FC528C}.AppStore|Any CPU.ActiveCfg = Release|Any CPU
		{4C62DE06-C999-462A-8E9F-796AF6FC528C}.AppStore|Any CPU.Build.0 = Release|Any CPU
		{4C62DE06-C999-462A-8E9F-796AF6FC528C}.AppStore|Any CPU.Deploy.0 = Release|Any CPU
		{4C62DE06-C999-462A-8E9F-796AF6FC528C}.AppStore|ARM.ActiveCfg = Release|ARM
		{4C62DE06-C999-462A-8E9F-796AF6FC528C}.AppStore|ARM.Build.0 = Release|ARM
		{4C62DE06-C999-462A-8E9F-796AF6FC528C}.AppStore|ARM.Deploy.0 = Release|ARM
		{4C62DE06-C999-462A-8E9F-796AF6FC528C}.AppStore|iPhone.ActiveCfg = Release|Any CPU
		{4C62DE06-C999-462A-8E9F-796AF6FC528C}.AppStore|iPhone.Build.0 = Release|Any CPU
		{4C62DE06-C999-462A-8E9F-796AF6FC528C}.AppStore|iPhone.Deploy.0 = Release|Any CPU
		{4C62DE06-C999-462A-8E9F-796AF6FC528C}.AppStore|iPhoneSimulator.ActiveCfg = Release|Any CPU
		{4C62DE06-C999-462A-8E9F-796AF6FC528C}.AppStore|iPhoneSimulator.Build.0 = Release|Any CPU
		{4C62DE06-C999-462A-8E9F-796AF6FC528C}.AppStore|iPhoneSimulator.Deploy.0 = Release|Any CPU
		{4C62DE06-C999-462A-8E9F-796AF6FC528C}.AppStore|x64.ActiveCfg = Release|x64
		{4C62DE06-C999-462A-8E9F-796AF6FC528C}.AppStore|x64.Build.0 = Release|x64
		{4C62DE06-C999-462A-8E9F-796AF6FC528C}.AppStore|x64.Deploy.0 = Release|x64
		{4C62DE06-C999-462A-8E9F-796AF6FC528C}.AppStore|x86.ActiveCfg = Release|x86
		{4C62DE06-C999-462A-8E9F-796AF6FC528C}.AppStore|x86.Build.0 = Release|x86
		{4C62DE06-C999-462A-8E9F-796AF6FC528C}.AppStore|x86.Deploy.0 = Release|x86
		{4C62DE06-C999-462A-8E9F-796AF6FC528C}.Debug|Any CPU.ActiveCfg = Debug|Any CPU
		{4C62DE06-C999-462A-8E9F-796AF6FC528C}.Debug|Any CPU.Build.0 = Debug|Any CPU
		{4C62DE06-C999-462A-8E9F-796AF6FC528C}.Debug|Any CPU.Deploy.0 = Debug|Any CPU
		{4C62DE06-C999-462A-8E9F-796AF6FC528C}.Debug|ARM.ActiveCfg = Debug|ARM
		{4C62DE06-C999-462A-8E9F-796AF6FC528C}.Debug|ARM.Build.0 = Debug|ARM
		{4C62DE06-C999-462A-8E9F-796AF6FC528C}.Debug|ARM.Deploy.0 = Debug|ARM
		{4C62DE06-C999-462A-8E9F-796AF6FC528C}.Debug|iPhone.ActiveCfg = Debug|Any CPU
		{4C62DE06-C999-462A-8E9F-796AF6FC528C}.Debug|iPhone.Build.0 = Debug|Any CPU
		{4C62DE06-C999-462A-8E9F-796AF6FC528C}.Debug|iPhone.Deploy.0 = Debug|Any CPU
		{4C62DE06-C999-462A-8E9F-796AF6FC528C}.Debug|iPhoneSimulator.ActiveCfg = Debug|Any CPU
		{4C62DE06-C999-462A-8E9F-796AF6FC528C}.Debug|iPhoneSimulator.Build.0 = Debug|Any CPU
		{4C62DE06-C999-462A-8E9F-796AF6FC528C}.Debug|iPhoneSimulator.Deploy.0 = Debug|Any CPU
		{4C62DE06-C999-462A-8E9F-796AF6FC528C}.Debug|x64.ActiveCfg = Debug|x64
		{4C62DE06-C999-462A-8E9F-796AF6FC528C}.Debug|x64.Build.0 = Debug|x64
		{4C62DE06-C999-462A-8E9F-796AF6FC528C}.Debug|x64.Deploy.0 = Debug|x64
		{4C62DE06-C999-462A-8E9F-796AF6FC528C}.Debug|x86.ActiveCfg = Debug|x86
		{4C62DE06-C999-462A-8E9F-796AF6FC528C}.Debug|x86.Build.0 = Debug|x86
		{4C62DE06-C999-462A-8E9F-796AF6FC528C}.Debug|x86.Deploy.0 = Debug|x86
		{4C62DE06-C999-462A-8E9F-796AF6FC528C}.Release|Any CPU.ActiveCfg = Release|Any CPU
		{4C62DE06-C999-462A-8E9F-796AF6FC528C}.Release|Any CPU.Build.0 = Release|Any CPU
		{4C62DE06-C999-462A-8E9F-796AF6FC528C}.Release|Any CPU.Deploy.0 = Release|Any CPU
		{4C62DE06-C999-462A-8E9F-796AF6FC528C}.Release|ARM.ActiveCfg = Release|ARM
		{4C62DE06-C999-462A-8E9F-796AF6FC528C}.Release|ARM.Build.0 = Release|ARM
		{4C62DE06-C999-462A-8E9F-796AF6FC528C}.Release|ARM.Deploy.0 = Release|ARM
		{4C62DE06-C999-462A-8E9F-796AF6FC528C}.Release|iPhone.ActiveCfg = Release|Any CPU
		{4C62DE06-C999-462A-8E9F-796AF6FC528C}.Release|iPhone.Build.0 = Release|Any CPU
		{4C62DE06-C999-462A-8E9F-796AF6FC528C}.Release|iPhone.Deploy.0 = Release|Any CPU
		{4C62DE06-C999-462A-8E9F-796AF6FC528C}.Release|iPhoneSimulator.ActiveCfg = Release|Any CPU
		{4C62DE06-C999-462A-8E9F-796AF6FC528C}.Release|iPhoneSimulator.Build.0 = Release|Any CPU
		{4C62DE06-C999-462A-8E9F-796AF6FC528C}.Release|iPhoneSimulator.Deploy.0 = Release|Any CPU
		{4C62DE06-C999-462A-8E9F-796AF6FC528C}.Release|x64.ActiveCfg = Release|x64
		{4C62DE06-C999-462A-8E9F-796AF6FC528C}.Release|x64.Build.0 = Release|x64
		{4C62DE06-C999-462A-8E9F-796AF6FC528C}.Release|x64.Deploy.0 = Release|x64
		{4C62DE06-C999-462A-8E9F-796AF6FC528C}.Release|x86.ActiveCfg = Release|x86
		{4C62DE06-C999-462A-8E9F-796AF6FC528C}.Release|x86.Build.0 = Release|x86
		{4C62DE06-C999-462A-8E9F-796AF6FC528C}.Release|x86.Deploy.0 = Release|x86
	EndGlobalSection
	GlobalSection(SolutionProperties) = preSolution
		HideSolutionNode = FALSE
	EndGlobalSection
EndGlobal
